# This file is autogenerated, do not edit; changes may be undone by the next 'dep ensure'.


[[projects]]
  digest = "1:63dcec0ce79283851834f681503a2cc1d50e1b1b0c5750074882445a3082ca1c"
  name = "github.com/Azure/go-ansiterm"
  packages = [
    ".",
    "winterm",
  ]
  pruneopts = "UT"
  revision = "388960b655244e76e24c75f48631564eaefade62"

[[projects]]
  digest = "1:562ddc19fa98f7ad6d1b50e4d88cab940802c1d0f4f3ed132c2fd83d64b93d15"
  name = "github.com/Sirupsen/logrus"
  packages = ["."]
  pruneopts = "UT"
  revision = "0208149b40d863d2c1a2f8fe5753096a9cf2cc8b"
  version = "v0.11.4"

[[projects]]
  digest = "1:d64f3cd039f44394f73c8f46797206b671edb26c1cbd466fb5634f9142f5ae2d"
  name = "github.com/creack/goselect"
  packages = ["."]
  pruneopts = "UT"
  revision = "1bd5ca702c6154bccc56ecd598932ee8b295cab2"

[[projects]]
  digest = "1:e2f30202c16a4c82ed7c000153e863649c0974691284d3bc319cdd30b297c55f"
  name = "github.com/docker/docker"
  packages = [
    "pkg/namesgenerator",
    "pkg/random",
    "pkg/term",
    "pkg/term/windows",
  ]
  pruneopts = "UT"
  revision = "34d06190740d555b63cbe814028c207b13b4c2cc"

[[projects]]
  digest = "1:1261856f01ff1b4f4fb3ce1fe3c72e623e8c8752aabec191410c45458814535e"
  name = "github.com/docker/machine"
  packages = [
    "libmachine/drivers",
    "libmachine/drivers/plugin",
    "libmachine/drivers/plugin/localbinary",
    "libmachine/drivers/rpc",
    "libmachine/log",
    "libmachine/mcnflag",
    "libmachine/mcnutils",
    "libmachine/ssh",
    "libmachine/state",
    "libmachine/version",
    "version",
  ]
  pruneopts = "UT"
  revision = "07d63b6ff555ddec6f0458c5a4af3cc711aea75d"

[[projects]]
  digest = "1:e10b8a48492f2838e52bfee2827ac07a9ae80c5076aa3a2cae344dc15efb0ebe"
  name = "github.com/dustin/go-humanize"
  packages = ["."]
  pruneopts = "UT"
  revision = "7a41df006ff9af79a29f0ffa9c5f21fbe6314a2d"

[[projects]]
  digest = "1:43dd08a10854b2056e615d1b1d22ac94559d822e1f8b6fcc92c1a1057e85188e"
  name = "github.com/gorilla/websocket"
  packages = ["."]
  pruneopts = "UT"
  revision = "a91eba7f97777409bc2c443f5534d41dd20c5720"

[[projects]]
  digest = "1:fa610f9fe6a93f4a75e64c83673dfff9bf1a34bbb21e6102021b6bc7850834a3"
  name = "github.com/mattn/go-isatty"
  packages = ["."]
  pruneopts = "UT"
  revision = "fc9e8d8ef48496124e79ae0df75490096eccf6fe"
  version = "v0.0.2"

[[projects]]
  digest = "1:2df8741b57f05310c5172b0316460385f95d5c75b8ecc67e9c6043dda84f196e"
  name = "github.com/moul/anonuuid"
  packages = ["."]
  pruneopts = "UT"
  revision = "609b752a95effbbef26d134ac18ed6f57e01b98e"

[[projects]]
  digest = "1:dcf1cf3f2f65d84053a275c7c6b7b19f284841acfe10b781e2b0974d3482c443"
  name = "github.com/moul/gotty-client"
  packages = ["."]
  pruneopts = "UT"
  revision = "99224eea3278d662fce9124bb2bf6c2bb39f5160"

[[projects]]
  digest = "1:7aefb397a53fc437c90f0fdb3e1419c751c5a3a165ced52325d5d797edf1aca6"
  name = "github.com/moul/http2curl"
  packages = ["."]
  pruneopts = "UT"
  revision = "4e24498b31dba4683efb9d35c1c8a91e2eda28c8"

[[projects]]
  digest = "1:6e3ba29c5adc175fb1046a3bd5b20efb593db25e1caa1477307ab0046187f0d1"
  name = "github.com/renstrom/fuzzysearch"
  packages = ["fuzzy"]
  pruneopts = "UT"
  revision = "2d205ac6ec17a839a94bdbfd16d2fa6c6dada2e0"

[[projects]]
  digest = "1:75b34d7ea04aacba6d97fd510d5ecd506cdb5d66d153420f4dd437c35797f09f"
  name = "github.com/scaleway/scaleway-cli"
  packages = [
    "pkg/api",
    "pkg/clilogger",
    "pkg/config",
    "pkg/scwversion",
    "pkg/sshcommand",
    "pkg/utils",
  ]
  pruneopts = "UT"
  revision = "4c4502fd13230d91b52d99a6069cffffea536a5e"
  version = "v1.14"

[[projects]]
  digest = "1:9db148b306bb08f1eb251a6810ea69e945fa855ac26f3f6928deac8925f3c4d0"
  name = "golang.org/x/crypto"
  packages = [
    "curve25519",
    "ed25519",
    "ed25519/internal/edwards25519",
    "ssh",
    "ssh/terminal",
  ]
  pruneopts = "UT"
  revision = "40541ccb1c6e64c947ed6f606b8a6cb4b67d7436"

[[projects]]
  digest = "1:137a07d176f06db21c807d085339244f6a58ddac7d4f2fe5607a39392a2dcb5a"
  name = "golang.org/x/net"
  packages = ["context"]
  pruneopts = "UT"
  revision = "dd2d9a67c97da0afa00d5726e28086007a0acce5"

[[projects]]
  digest = "1:39ebcc2b11457b703ae9ee2e8cca0f68df21969c6102cb3b705f76cca0ea0239"
  name = "golang.org/x/sync"
  packages = ["errgroup"]
  pruneopts = "UT"
  revision = "86ddc858aa39d0f6cccccd733e482ddc52b852e9"

[[projects]]
  digest = "1:bbf324989601c1c64369916ecc2aee2c0e7249f616c1720ebc7c449735692dc2"
  name = "golang.org/x/sys"
  packages = ["unix"]
  pruneopts = "UT"
  revision = "f3918c30c5c2cb527c0b071a27c35120a6c0719a"

[solve-meta]
  analyzer-name = "dep"
  analyzer-version = 1
  input-imports = [
    "github.com/Sirupsen/logrus",
    "github.com/docker/machine/libmachine/drivers",
    "github.com/docker/machine/libmachine/drivers/plugin",
    "github.com/docker/machine/libmachine/log",
    "github.com/docker/machine/libmachine/mcnflag",
    "github.com/docker/machine/libmachine/ssh",
    "github.com/docker/machine/libmachine/state",
    "github.com/moul/anonuuid",
    "github.com/scaleway/scaleway-cli/pkg/api",
    "github.com/scaleway/scaleway-cli/pkg/clilogger",
    "github.com/scaleway/scaleway-cli/pkg/config",
  ]
  solver-name = "gps-cdcl"
  solver-version = 1
