# This file is autogenerated, do not edit; changes may be undone by the next 'dep ensure'.


[[projects]]
  branch = "master"
  name = "github.com/Azure/go-ansiterm"
  packages = [
    ".",
    "winterm"
  ]
  revision = "d6e3b3328b783f23731bc4d058875b0371ff8109"

[[projects]]
  name = "github.com/Sirupsen/logrus"
  packages = ["."]
  revision = "0208149b40d863d2c1a2f8fe5753096a9cf2cc8b"
  version = "v0.11.4"

[[projects]]
  name = "github.com/creack/goselect"
  packages = ["."]
  revision = "1bd5ca702c6154bccc56ecd598932ee8b295cab2"

[[projects]]
  name = "github.com/docker/docker"
  packages = [
    "pkg/namesgenerator",
    "pkg/random",
    "pkg/term",
    "pkg/term/windows"
  ]
  revision = "34d06190740d555b63cbe814028c207b13b4c2cc"

[[projects]]
  name = "github.com/docker/machine"
  packages = [
    "libmachine/drivers",
    "libmachine/drivers/plugin",
    "libmachine/drivers/plugin/localbinary",
    "libmachine/drivers/rpc",
    "libmachine/log",
    "libmachine/mcnflag",
    "libmachine/mcnutils",
    "libmachine/ssh",
    "libmachine/state",
    "libmachine/version",
    "version"
  ]
  revision = "07d63b6ff555ddec6f0458c5a4af3cc711aea75d"

[[projects]]
  name = "github.com/dustin/go-humanize"
  packages = ["."]
  revision = "7a41df006ff9af79a29f0ffa9c5f21fbe6314a2d"

[[projects]]
  name = "github.com/gorilla/websocket"
  packages = ["."]
  revision = "a91eba7f97777409bc2c443f5534d41dd20c5720"

[[projects]]
  name = "github.com/mattn/go-isatty"
  packages = ["."]
  revision = "fc9e8d8ef48496124e79ae0df75490096eccf6fe"
  version = "v0.0.2"

[[projects]]
  name = "github.com/moul/anonuuid"
  packages = ["."]
  revision = "609b752a95effbbef26d134ac18ed6f57e01b98e"

[[projects]]
  name = "github.com/moul/gotty-client"
  packages = ["."]
  revision = "99224eea3278d662fce9124bb2bf6c2bb39f5160"

[[projects]]
  name = "github.com/moul/http2curl"
  packages = ["."]
  revision = "4e24498b31dba4683efb9d35c1c8a91e2eda28c8"

[[projects]]
  name = "github.com/renstrom/fuzzysearch"
  packages = ["fuzzy"]
  revision = "2d205ac6ec17a839a94bdbfd16d2fa6c6dada2e0"

[[projects]]
  name = "github.com/scaleway/scaleway-cli"
  packages = [
    "pkg/api",
    "pkg/clilogger",
    "pkg/config",
    "pkg/scwversion",
    "pkg/sshcommand",
    "pkg/utils"
  ]
  revision = "677d03847f2ad91610f4aee5efaf47954274d879"

[[projects]]
  name = "golang.org/x/crypto"
  packages = [
    "curve25519",
    "ed25519",
    "ed25519/internal/edwards25519",
    "ssh",
    "ssh/terminal"
  ]
  revision = "40541ccb1c6e64c947ed6f606b8a6cb4b67d7436"

[[projects]]
  name = "golang.org/x/net"
  packages = ["context"]
  revision = "dd2d9a67c97da0afa00d5726e28086007a0acce5"

[[projects]]
  name = "golang.org/x/sync"
  packages = ["errgroup"]
  revision = "86ddc858aa39d0f6cccccd733e482ddc52b852e9"

[[projects]]
  name = "golang.org/x/sys"
  packages = ["unix"]
  revision = "f3918c30c5c2cb527c0b071a27c35120a6c0719a"

[solve-meta]
  analyzer-name = "dep"
  analyzer-version = 1
  inputs-digest = "2b18269a022291e6a2543e42846ce5c5f4fc7cc33ae9df52c7e950980a95f812"
  solver-name = "gps-cdcl"
  solver-version = 1
